Microsoft Visual Studio Solution File, Format Version 12.00
# Visual Studio Version 17
VisualStudioVersion = 17.10.35027.167
MinimumVisualStudioVersion = 10.0.40219.1
Project("{9A19103F-16F7-4668-BE54-9A1E7A4F7556}") = "HomeTask1", "HomeTask1\HomeTask1.csproj", "{E6A9BDC2-F264-4C16-8089-DC40D3E6A6D5}"
EndProject
Project("{9A19103F-16F7-4668-BE54-9A1E7A4F7556}") = "HomeTask3", "HomeTask3\HomeTask3.csproj", "{50520F84-DB46-4C14-B932-8DFAB12C3730}"
EndProject
Project("{9A19103F-16F7-4668-BE54-9A1E7A4F7556}") = "HomeTask2", "HomeTask2\HomeTask2.csproj", "{0E83D328-3A7C-4466-85FF-A86F1A8C230A}"
EndProject
Project("{9A19103F-16F7-4668-BE54-9A1E7A4F7556}") = "HomeTask4", "HomeTask4\HomeTask4.csproj", "{87C5B412-2E91-44F2-B233-3078A97D0919}"
EndProject
Project("{9A19103F-16F7-4668-BE54-9A1E7A4F7556}") = "HomeTask5", "HomeTask5\HomeTask5.csproj", "{F5884178-06C4-4651-A24B-BD7922DB954D}"
EndProject
Project("{2150E333-8FDC-42A3-9474-1A3956D46DE8}") = "HomeTask1", "HomeTask1", "{DAEBC8C6-15B1-4844-A288-8B501F5E4296}"
EndProject
Project("{2150E333-8FDC-42A3-9474-1A3956D46DE8}") = "HomeTask2", "HomeTask2", "{10AD7579-EB05-458D-90F2-D183D9C7E31A}"
EndProject
Project("{2150E333-8FDC-42A3-9474-1A3956D46DE8}") = "HomeTask3", "HomeTask3", "{0D311895-9C4C-4F67-BB09-EC804586EC93}"
EndProject
Project("{2150E333-8FDC-42A3-9474-1A3956D46DE8}") = "HomeTask4", "HomeTask4", "{74BE3161-CF9E-4E8B-BEB5-FA6F18E96B88}"
EndProject
Project("{2150E333-8FDC-42A3-9474-1A3956D46DE8}") = "HomeTask5", "HomeTask5", "{FB90CEDA-232D-4E55-9124-2B2D838E38ED}"
EndProject
Project("{2150E333-8FDC-42A3-9474-1A3956D46DE8}") = "HomeTask6", "HomeTask6", "{9E58BB31-C115-4024-86B9-0A9C6AF66B78}"
EndProject
Project("{9A19103F-16F7-4668-BE54-9A1E7A4F7556}") = "Phonebook", "HomeTask6\Phonebook\Phonebook.csproj", "{73991719-4218-4F59-89FA-3D522518C685}"
EndProject
Project("{9A19103F-16F7-4668-BE54-9A1E7A4F7556}") = "Phonebook.Tests", "HomeTask6\Phonebook.Tests\Phonebook.Tests.csproj", "{5EF3D1DA-4C4B-4231-A48B-DC5F60187F7F}"
EndProject
Project("{9A19103F-16F7-4668-BE54-9A1E7A4F7556}") = "PhoneNumber.Tests", "HomeTask6\PhoneNumber.Tests\PhoneNumber.Tests.csproj", "{2B570DC7-9953-4447-805B-C6166A1EBB22}"
EndProject
Project("{9A19103F-16F7-4668-BE54-9A1E7A4F7556}") = "PhoneNumberType.Tests", "HomeTask6\PhoneNumberTypeTests\PhoneNumberType.Tests.csproj", "{652396FE-2C4B-4DBA-BD7E-2A164E30CE43}"
EndProject
Project("{9A19103F-16F7-4668-BE54-9A1E7A4F7556}") = "PhoneNumberValidator.Tests", "HomeTask6\PhoneNumberValidatorTests\PhoneNumberValidator.Tests.csproj", "{BE5E1EF0-6852-4FD2-80A9-9842A39FC3A4}"
EndProject
Project("{FAE04EC0-301F-11D3-BF4B-00C04F79EFBC}") = "Subscriber.Tests", "HomeTask6\Subscriber.Tests\Subscriber.Tests.csproj", "{35BCFD63-446F-4E64-B6E8-8C34CB43D10E}"
EndProject
Global
	GlobalSection(SolutionConfigurationPlatforms) = preSolution
		Debug|Any CPU = Debug|Any CPU
		Release|Any CPU = Release|Any CPU
	EndGlobalSection
	GlobalSection(ProjectConfigurationPlatforms) = postSolution
		{E6A9BDC2-F264-4C16-8089-DC40D3E6A6D5}.Debug|Any CPU.ActiveCfg = Debug|Any CPU
		{E6A9BDC2-F264-4C16-8089-DC40D3E6A6D5}.Debug|Any CPU.Build.0 = Debug|Any CPU
		{E6A9BDC2-F264-4C16-8089-DC40D3E6A6D5}.Release|Any CPU.ActiveCfg = Release|Any CPU
		{E6A9BDC2-F264-4C16-8089-DC40D3E6A6D5}.Release|Any CPU.Build.0 = Release|Any CPU
		{50520F84-DB46-4C14-B932-8DFAB12C3730}.Debug|Any CPU.ActiveCfg = Debug|Any CPU
		{50520F84-DB46-4C14-B932-8DFAB12C3730}.Debug|Any CPU.Build.0 = Debug|Any CPU
		{50520F84-DB46-4C14-B932-8DFAB12C3730}.Release|Any CPU.ActiveCfg = Release|Any CPU
		{50520F84-DB46-4C14-B932-8DFAB12C3730}.Release|Any CPU.Build.0 = Release|Any CPU
		{0E83D328-3A7C-4466-85FF-A86F1A8C230A}.Debug|Any CPU.ActiveCfg = Debug|Any CPU
		{0E83D328-3A7C-4466-85FF-A86F1A8C230A}.Debug|Any CPU.Build.0 = Debug|Any CPU
		{0E83D328-3A7C-4466-85FF-A86F1A8C230A}.Release|Any CPU.ActiveCfg = Release|Any CPU
		{0E83D328-3A7C-4466-85FF-A86F1A8C230A}.Release|Any CPU.Build.0 = Release|Any CPU
		{87C5B412-2E91-44F2-B233-3078A97D0919}.Debug|Any CPU.ActiveCfg = Debug|Any CPU
		{87C5B412-2E91-44F2-B233-3078A97D0919}.Debug|Any CPU.Build.0 = Debug|Any CPU
		{87C5B412-2E91-44F2-B233-3078A97D0919}.Release|Any CPU.ActiveCfg = Release|Any CPU
		{87C5B412-2E91-44F2-B233-3078A97D0919}.Release|Any CPU.Build.0 = Release|Any CPU
		{F5884178-06C4-4651-A24B-BD7922DB954D}.Debug|Any CPU.ActiveCfg = Debug|Any CPU
		{F5884178-06C4-4651-A24B-BD7922DB954D}.Debug|Any CPU.Build.0 = Debug|Any CPU
		{F5884178-06C4-4651-A24B-BD7922DB954D}.Release|Any CPU.ActiveCfg = Release|Any CPU
		{F5884178-06C4-4651-A24B-BD7922DB954D}.Release|Any CPU.Build.0 = Release|Any CPU
		{73991719-4218-4F59-89FA-3D522518C685}.Debug|Any CPU.ActiveCfg = Debug|Any CPU
		{73991719-4218-4F59-89FA-3D522518C685}.Debug|Any CPU.Build.0 = Debug|Any CPU
		{73991719-4218-4F59-89FA-3D522518C685}.Release|Any CPU.ActiveCfg = Release|Any CPU
		{73991719-4218-4F59-89FA-3D522518C685}.Release|Any CPU.Build.0 = Release|Any CPU
		{5EF3D1DA-4C4B-4231-A48B-DC5F60187F7F}.Debug|Any CPU.ActiveCfg = Debug|Any CPU
		{5EF3D1DA-4C4B-4231-A48B-DC5F60187F7F}.Debug|Any CPU.Build.0 = Debug|Any CPU
		{5EF3D1DA-4C4B-4231-A48B-DC5F60187F7F}.Release|Any CPU.ActiveCfg = Release|Any CPU
		{5EF3D1DA-4C4B-4231-A48B-DC5F60187F7F}.Release|Any CPU.Build.0 = Release|Any CPU
		{2B570DC7-9953-4447-805B-C6166A1EBB22}.Debug|Any CPU.ActiveCfg = Debug|Any CPU
		{2B570DC7-9953-4447-805B-C6166A1EBB22}.Debug|Any CPU.Build.0 = Debug|Any CPU
		{2B570DC7-9953-4447-805B-C6166A1EBB22}.Release|Any CPU.ActiveCfg = Release|Any CPU
		{2B570DC7-9953-4447-805B-C6166A1EBB22}.Release|Any CPU.Build.0 = Release|Any CPU
		{652396FE-2C4B-4DBA-BD7E-2A164E30CE43}.Debug|Any CPU.ActiveCfg = Debug|Any CPU
		{652396FE-2C4B-4DBA-BD7E-2A164E30CE43}.Debug|Any CPU.Build.0 = Debug|Any CPU
		{652396FE-2C4B-4DBA-BD7E-2A164E30CE43}.Release|Any CPU.ActiveCfg = Release|Any CPU
		{652396FE-2C4B-4DBA-BD7E-2A164E30CE43}.Release|Any CPU.Build.0 = Release|Any CPU
		{BE5E1EF0-6852-4FD2-80A9-9842A39FC3A4}.Debug|Any CPU.ActiveCfg = Debug|Any CPU
		{BE5E1EF0-6852-4FD2-80A9-9842A39FC3A4}.Debug|Any CPU.Build.0 = Debug|Any CPU
		{BE5E1EF0-6852-4FD2-80A9-9842A39FC3A4}.Release|Any CPU.ActiveCfg = Release|Any CPU
		{BE5E1EF0-6852-4FD2-80A9-9842A39FC3A4}.Release|Any CPU.Build.0 = Release|Any CPU
		{35BCFD63-446F-4E64-B6E8-8C34CB43D10E}.Debug|Any CPU.ActiveCfg = Debug|Any CPU
		{35BCFD63-446F-4E64-B6E8-8C34CB43D10E}.Debug|Any CPU.Build.0 = Debug|Any CPU
		{35BCFD63-446F-4E64-B6E8-8C34CB43D10E}.Release|Any CPU.ActiveCfg = Release|Any CPU
		{35BCFD63-446F-4E64-B6E8-8C34CB43D10E}.Release|Any CPU.Build.0 = Release|Any CPU
	EndGlobalSection
	GlobalSection(SolutionProperties) = preSolution
		HideSolutionNode = FALSE
	EndGlobalSection
	GlobalSection(NestedProjects) = preSolution
		{E6A9BDC2-F264-4C16-8089-DC40D3E6A6D5} = {DAEBC8C6-15B1-4844-A288-8B501F5E4296}
		{50520F84-DB46-4C14-B932-8DFAB12C3730} = {0D311895-9C4C-4F67-BB09-EC804586EC93}
		{0E83D328-3A7C-4466-85FF-A86F1A8C230A} = {10AD7579-EB05-458D-90F2-D183D9C7E31A}
		{87C5B412-2E91-44F2-B233-3078A97D0919} = {74BE3161-CF9E-4E8B-BEB5-FA6F18E96B88}
		{F5884178-06C4-4651-A24B-BD7922DB954D} = {FB90CEDA-232D-4E55-9124-2B2D838E38ED}
		{73991719-4218-4F59-89FA-3D522518C685} = {9E58BB31-C115-4024-86B9-0A9C6AF66B78}
		{5EF3D1DA-4C4B-4231-A48B-DC5F60187F7F} = {9E58BB31-C115-4024-86B9-0A9C6AF66B78}
		{2B570DC7-9953-4447-805B-C6166A1EBB22} = {9E58BB31-C115-4024-86B9-0A9C6AF66B78}
		{652396FE-2C4B-4DBA-BD7E-2A164E30CE43} = {9E58BB31-C115-4024-86B9-0A9C6AF66B78}
		{BE5E1EF0-6852-4FD2-80A9-9842A39FC3A4} = {9E58BB31-C115-4024-86B9-0A9C6AF66B78}
		{35BCFD63-446F-4E64-B6E8-8C34CB43D10E} = {9E58BB31-C115-4024-86B9-0A9C6AF66B78}
	EndGlobalSection
	GlobalSection(ExtensibilityGlobals) = postSolution
		SolutionGuid = {9A05E591-A604-4525-BAFC-33F7E82FDA88}
	EndGlobalSection
EndGlobal
