
Microsoft Visual Studio Solution File, Format Version 12.00
# Visual Studio Version 17
VisualStudioVersion = 17.10.35027.167
MinimumVisualStudioVersion = 10.0.40219.1
Project("{FAE04EC0-301F-11D3-BF4B-00C04F79EFBC}") = "HomeTask1", "HomeTask1\HomeTask1.csproj", "{E6A9BDC2-F264-4C16-8089-DC40D3E6A6D5}"
EndProject
Project("{FAE04EC0-301F-11D3-BF4B-00C04F79EFBC}") = "HomeTask3", "HomeTask2\HomeTask3.csproj", "{50520F84-DB46-4C14-B932-8DFAB12C3730}"
EndProject
Global
	GlobalSection(SolutionConfigurationPlatforms) = preSolution
		Debug|Any CPU = Debug|Any CPU
		Release|Any CPU = Release|Any CPU
	EndGlobalSection
	GlobalSection(ProjectConfigurationPlatforms) = postSolution
		{E6A9BDC2-F264-4C16-8089-DC40D3E6A6D5}.Debug|Any CPU.ActiveCfg = Debug|Any CPU
		{E6A9BDC2-F264-4C16-8089-DC40D3E6A6D5}.Debug|Any CPU.Build.0 = Debug|Any CPU
		{E6A9BDC2-F264-4C16-8089-DC40D3E6A6D5}.Release|Any CPU.ActiveCfg = Release|Any CPU
		{E6A9BDC2-F264-4C16-8089-DC40D3E6A6D5}.Release|Any CPU.Build.0 = Release|Any CPU
		{50520F84-DB46-4C14-B932-8DFAB12C3730}.Debug|Any CPU.ActiveCfg = Debug|Any CPU
		{50520F84-DB46-4C14-B932-8DFAB12C3730}.Debug|Any CPU.Build.0 = Debug|Any CPU
		{50520F84-DB46-4C14-B932-8DFAB12C3730}.Release|Any CPU.ActiveCfg = Release|Any CPU
		{50520F84-DB46-4C14-B932-8DFAB12C3730}.Release|Any CPU.Build.0 = Release|Any CPU
	EndGlobalSection
	GlobalSection(SolutionProperties) = preSolution
		HideSolutionNode = FALSE
	EndGlobalSection
	GlobalSection(ExtensibilityGlobals) = postSolution
		SolutionGuid = {9A05E591-A604-4525-BAFC-33F7E82FDA88}
	EndGlobalSection
EndGlobal
